
Microsoft Visual Studio Solution File, Format Version 12.00
# Visual Studio 15
VisualStudioVersion = 15.0.28307.572
MinimumVisualStudioVersion = 10.0.40219.1
Project("{FAE04EC0-301F-11D3-BF4B-00C04F79EFBC}") = "YGOPro Expansion Manager", "YGOPro Expansion Manager\YGOPro Expansion Manager.csproj", "{12DACDAC-CAFA-430C-82FB-9CC06423F010}"
EndProject
Global
	GlobalSection(SolutionConfigurationPlatforms) = preSolution
		Debug|Any CPU = Debug|Any CPU
		Release|Any CPU = Release|Any CPU
	EndGlobalSection
	GlobalSection(ProjectConfigurationPlatforms) = postSolution
		{12DACDAC-CAFA-430C-82FB-9CC06423F010}.Debug|Any CPU.ActiveCfg = Debug|Any CPU
		{12DACDAC-CAFA-430C-82FB-9CC06423F010}.Debug|Any CPU.Build.0 = Debug|Any CPU
		{12DACDAC-CAFA-430C-82FB-9CC06423F010}.Release|Any CPU.ActiveCfg = Release|Any CPU
		{12DACDAC-CAFA-430C-82FB-9CC06423F010}.Release|Any CPU.Build.0 = Release|Any CPU
	EndGlobalSection
	GlobalSection(SolutionProperties) = preSolution
		HideSolutionNode = FALSE
	EndGlobalSection
	GlobalSection(ExtensibilityGlobals) = postSolution
		SolutionGuid = {8B588388-8470-4258-A8E1-79CC18153E7B}
	EndGlobalSection
EndGlobal
